
Microsoft Visual Studio Solution File, Format Version 12.00
# Visual Studio 15
VisualStudioVersion = 15.0.28307.136
MinimumVisualStudioVersion = 10.0.40219.1
Project("{FAE04EC0-301F-11D3-BF4B-00C04F79EFBC}") = "DecoratorDemo", "DecoratorDemo\DecoratorDemo.csproj", "{BB1BBA44-0CB3-4CDB-941E-CC5646626E61}"
EndProject
Global
	GlobalSection(SolutionConfigurationPlatforms) = preSolution
		Debug|Any CPU = Debug|Any CPU
		Release|Any CPU = Release|Any CPU
	EndGlobalSection
	GlobalSection(ProjectConfigurationPlatforms) = postSolution
		{BB1BBA44-0CB3-4CDB-941E-CC5646626E61}.Debug|Any CPU.ActiveCfg = Debug|Any CPU
		{BB1BBA44-0CB3-4CDB-941E-CC5646626E61}.Debug|Any CPU.Build.0 = Debug|Any CPU
		{BB1BBA44-0CB3-4CDB-941E-CC5646626E61}.Release|Any CPU.ActiveCfg = Release|Any CPU
		{BB1BBA44-0CB3-4CDB-941E-CC5646626E61}.Release|Any CPU.Build.0 = Release|Any CPU
	EndGlobalSection
	GlobalSection(SolutionProperties) = preSolution
		HideSolutionNode = FALSE
	EndGlobalSection
	GlobalSection(ExtensibilityGlobals) = postSolution
		SolutionGuid = {6763CDDA-5D25-4B12-BC93-B894DCA0A1D3}
	EndGlobalSection
EndGlobal
